
Microsoft Visual Studio Solution File, Format Version 12.00
# Visual Studio Version 17
VisualStudioVersion = 17.4.33213.308
MinimumVisualStudioVersion = 10.0.40219.1
Project("{FAE04EC0-301F-11D3-BF4B-00C04F79EFBC}") = "HospitalSystem", "HospitalSystem\HospitalSystem.csproj", "{B9844B20-977B-4F1D-8623-945305EA0418}"
EndProject
Global
	GlobalSection(SolutionConfigurationPlatforms) = preSolution
		Debug|Any CPU = Debug|Any CPU
		Release|Any CPU = Release|Any CPU
	EndGlobalSection
	GlobalSection(ProjectConfigurationPlatforms) = postSolution
		{B9844B20-977B-4F1D-8623-945305EA0418}.Debug|Any CPU.ActiveCfg = Debug|Any CPU
		{B9844B20-977B-4F1D-8623-945305EA0418}.Debug|Any CPU.Build.0 = Debug|Any CPU
		{B9844B20-977B-4F1D-8623-945305EA0418}.Release|Any CPU.ActiveCfg = Release|Any CPU
		{B9844B20-977B-4F1D-8623-945305EA0418}.Release|Any CPU.Build.0 = Release|Any CPU
	EndGlobalSection
	GlobalSection(SolutionProperties) = preSolution
		HideSolutionNode = FALSE
	EndGlobalSection
	GlobalSection(ExtensibilityGlobals) = postSolution
		SolutionGuid = {21BF69DB-C221-47C7-AF52-B7D40EED7ABD}
	EndGlobalSection
EndGlobal
